PODS:
  - Alamofire (5.9.1)
  - FBSnapshotTestCase (2.1.4):
    - FBSnapshotTestCase/SwiftSupport (= 2.1.4)
  - FBSnapshotTestCase/Core (2.1.4)
  - FBSnapshotTestCase/SwiftSupport (2.1.4):
    - FBSnapshotTestCase/Core
  - HandyJSON (5.0.2)
  - Moya (15.0.0):
    - Moya/Core (= 15.0.0)
  - Moya/Core (15.0.0):
    - Alamofire (~> 5.0)
  - SparkNetManager (0.1.0):
    - HandyJSON
    - Moya
    - SVProgressHUD
  - SVProgressHUD (2.2.5)

DEPENDENCIES:
  - FBSnapshotTestCase (~> 2.1.4)
  - SparkNetManager (from `../`)

SPEC REPOS:
  trunk:
    - Alamofire
    - FBSnapshotTestCase
    - HandyJSON
    - Moya
    - SVProgressHUD

EXTERNAL SOURCES:
  SparkNetManager:
    :path: "../"

SPEC CHECKSUMS:
  Alamofire: f36a35757af4587d8e4f4bfa223ad10be2422b8c
  FBSnapshotTestCase: 094f9f314decbabe373b87cc339bea235a63e07a
  HandyJSON: 9e4e236f5d2dbefad5155a77417bbea438201c03
  Moya: 138f0573e53411fb3dc17016add0b748dfbd78ee
  SparkNetManager: d0ca6e8ada1cec9b91a39ba430ee15bdeef0e26a
  SVProgressHUD: 1428aafac632c1f86f62aa4243ec12008d7a51d6

PODFILE CHECKSUM: 346072c29784d60dacb910e73b1575278636661f

COCOAPODS: 1.13.0
